// !$*UTF8*$!
{
	archiveVersion = 1;
	classes = {
	};
	objectVersion = 77;
	objects = {

/* Begin PBXBuildFile section */
		80BCE4232F3DA45800D91F91 /* Sparkle in Frameworks */ = {isa = PBXBuildFile; productRef = 80BCE4222F3DA45800D91F91 /* Sparkle */; };
/* End PBXBuildFile section */

/* Begin PBXContainerItemProxy section */
		80BCD08E2F2994E200D91F91 /* PBXContainerItemProxy */ = {
			isa = PBXContainerItemProxy;
			containerPortal = 80BCD0782F2994E100D91F91 /* Project object */;
			proxyType = 1;
			remoteGlobalIDString = 80BCD07F2F2994E100D91F91;
			remoteInfo = Vizzly;
		};
		80BCD0982F2994E200D91F91 /* PBXContainerItemProxy */ = {
			isa = PBXContainerItemProxy;
			containerPortal = 80BCD0782F2994E100D91F91 /* Project object */;
			proxyType = 1;
			remoteGlobalIDString = 80BCD07F2F2994E100D91F91;
			remoteInfo = Vizzly;
		};
/* End PBXContainerItemProxy section */

/* Begin PBXFileReference section */
		80BCD0802F2994E100D91F91 /* Vizzly.app */ = {isa = PBXFileReference; explicitFileType = wrapper.application; includeInIndex = 0; path = Vizzly.app; sourceTree = BUILT_PRODUCTS_DIR; };
		80BCD08D2F2994E200D91F91 /* VizzlyTests.xctest */ = {isa = PBXFileReference; explicitFileType = wrapper.cfbundle; includeInIndex = 0; path = VizzlyTests.xctest; sourceTree = BUILT_PRODUCTS_DIR; };
		80BCD0972F2994E200D91F91 /* VizzlyUITests.xctest */ = {isa = PBXFileReference; explicitFileType = wrapper.cfbundle; includeInIndex = 0; path = VizzlyUITests.xctest; sourceTree = BUILT_PRODUCTS_DIR; };
/* End PBXFileReference section */

/* Begin PBXFileSystemSynchronizedRootGroup section */
		80BCD0822F2994E100D91F91 /* Vizzly */ = {
			isa = PBXFileSystemSynchronizedRootGroup;
			path = Vizzly;
			sourceTree = "<group>";
		};
		80BCD0902F2994E200D91F91 /* VizzlyTests */ = {
			isa = PBXFileSystemSynchronizedRootGroup;
			path = VizzlyTests;
			sourceTree = "<group>";
		};
		80BCD09A2F2994E200D91F91 /* VizzlyUITests */ = {
			isa = PBXFileSystemSynchronizedRootGroup;
			path = VizzlyUITests;
			sourceTree = "<group>";
		};
/* End PBXFileSystemSynchronizedRootGroup section */

/* Begin PBXFrameworksBuildPhase section */
		80BCD07D2F2994E100D91F91 /* Frameworks */ = {
			isa = PBXFrameworksBuildPhase;
			buildActionMask = 2147483647;
			files = (
				80BCE4232F3DA45800D91F91 /* Sparkle in Frameworks */,
			);
			runOnlyForDeploymentPostprocessing = 0;
		};
		80BCD08A2F2994E200D91F91 /* Frameworks */ = {
			isa = PBXFrameworksBuildPhase;
			buildActionMask = 2147483647;
			files = (
			);
			runOnlyForDeploymentPostprocessing = 0;
		};
		80BCD0942F2994E200D91F91 /* Frameworks */ = {
			isa = PBXFrameworksBuildPhase;
			buildActionMask = 2147483647;
			files = (
			);
			runOnlyForDeploymentPostprocessing = 0;
		};
/* End PBXFrameworksBuildPhase section */

/* Begin PBXGroup section */
		80BCD0772F2994E100D91F91 = {
			isa = PBXGroup;
			children = (
				80BCD0822F2994E100D91F91 /* Vizzly */,
				80BCD0902F2994E200D91F91 /* VizzlyTests */,
				80BCD09A2F2994E200D91F91 /* VizzlyUITests */,
				80BCD0812F2994E100D91F91 /* Products */,
			);
			sourceTree = "<group>";
		};
		80BCD0812F2994E100D91F91 /* Products */ = {
			isa = PBXGroup;
			children = (
				80BCD0802F2994E100D91F91 /* Vizzly.app */,
				80BCD08D2F2994E200D91F91 /* VizzlyTests.xctest */,
				80BCD0972F2994E200D91F91 /* VizzlyUITests.xctest */,
			);
			name = Products;
			sourceTree = "<group>";
		};
/* End PBXGroup section */

/* Begin PBXNativeTarget section */
		80BCD07F2F2994E100D91F91 /* Vizzly */ = {
			isa = PBXNativeTarget;
			buildConfigurationList = 80BCD0A12F2994E200D91F91 /* Build configuration list for PBXNativeTarget "Vizzly" */;
			buildPhases = (
				80BCD07C2F2994E100D91F91 /* Sources */,
				80BCD07D2F2994E100D91F91 /* Frameworks */,
				80BCD07E2F2994E100D91F91 /* Resources */,
			);
			buildRules = (
			);
			dependencies = (
			);
			fileSystemSynchronizedGroups = (
				80BCD0822F2994E100D91F91 /* Vizzly */,
			);
			name = Vizzly;
			packageProductDependencies = (
				80BCE4222F3DA45800D91F91 /* Sparkle */,
			);
			productName = Vizzly;
			productReference = 80BCD0802F2994E100D91F91 /* Vizzly.app */;
			productType = "com.apple.product-type.application";
		};
		80BCD08C2F2994E200D91F91 /* VizzlyTests */ = {
			isa = PBXNativeTarget;
			buildConfigurationList = 80BCD0A42F2994E200D91F91 /* Build configuration list for PBXNativeTarget "VizzlyTests" */;
			buildPhases = (
				80BCD0892F2994E200D91F91 /* Sources */,
				80BCD08A2F2994E200D91F91 /* Frameworks */,
				80BCD08B2F2994E200D91F91 /* Resources */,
			);
			buildRules = (
			);
			dependencies = (
				80BCD08F2F2994E200D91F91 /* PBXTargetDependency */,
			);
			fileSystemSynchronizedGroups = (
				80BCD0902F2994E200D91F91 /* VizzlyTests */,
			);
			name = VizzlyTests;
			packageProductDependencies = (
			);
			productName = VizzlyTests;
			productReference = 80BCD08D2F2994E200D91F91 /* VizzlyTests.xctest */;
			productType = "com.apple.product-type.bundle.unit-test";
		};
		80BCD0962F2994E200D91F91 /* VizzlyUITests */ = {
			isa = PBXNativeTarget;
			buildConfigurationList = 80BCD0A72F2994E200D91F91 /* Build configuration list for PBXNativeTarget "VizzlyUITests" */;
			buildPhases = (
				80BCD0932F2994E200D91F91 /* Sources */,
				80BCD0942F2994E200D91F91 /* Frameworks */,
				80BCD0952F2994E200D91F91 /* Resources */,
			);
			buildRules = (
			);
			dependencies = (
				80BCD0992F2994E200D91F91 /* PBXTargetDependency */,
			);
			fileSystemSynchronizedGroups = (
				80BCD09A2F2994E200D91F91 /* VizzlyUITests */,
			);
			name = VizzlyUITests;
			packageProductDependencies = (
			);
			productName = VizzlyUITests;
			productReference = 80BCD0972F2994E200D91F91 /* VizzlyUITests.xctest */;
			productType = "com.apple.product-type.bundle.ui-testing";
		};
/* End PBXNativeTarget section */

/* Begin PBXProject section */
		80BCD0782F2994E100D91F91 /* Project object */ = {
			isa = PBXProject;
			attributes = {
				BuildIndependentTargetsInParallel = 1;
				LastSwiftUpdateCheck = 2620;
				LastUpgradeCheck = 2620;
				TargetAttributes = {
					80BCD07F2F2994E100D91F91 = {
						CreatedOnToolsVersion = 26.2;
					};
					80BCD08C2F2994E200D91F91 = {
						CreatedOnToolsVersion = 26.2;
						TestTargetID = 80BCD07F2F2994E100D91F91;
					};
					80BCD0962F2994E200D91F91 = {
						CreatedOnToolsVersion = 26.2;
						TestTargetID = 80BCD07F2F2994E100D91F91;
					};
				};
			};
			buildConfigurationList = 80BCD07B2F2994E100D91F91 /* Build configuration list for PBXProject "Vizzly" */;
			developmentRegion = en;
			hasScannedForEncodings = 0;
			knownRegions = (
				en,
				Base,
			);
			mainGroup = 80BCD0772F2994E100D91F91;
			minimizedProjectReferenceProxies = 1;
			packageReferences = (
				80BCE4212F3DA45800D91F91 /* XCRemoteSwiftPackageReference "Sparkle" */,
			);
			preferredProjectObjectVersion = 77;
			productRefGroup = 80BCD0812F2994E100D91F91 /* Products */;
			projectDirPath = "";
			projectRoot = "";
			targets = (
				80BCD07F2F2994E100D91F91 /* Vizzly */,
				80BCD08C2F2994E200D91F91 /* VizzlyTests */,
				80BCD0962F2994E200D91F91 /* VizzlyUITests */,
			);
		};
/* End PBXProject section */

/* Begin PBXResourcesBuildPhase section */
		80BCD07E2F2994E100D91F91 /* Resources */ = {
			isa = PBXResourcesBuildPhase;
			buildActionMask = 2147483647;
			files = (
			);
			runOnlyForDeploymentPostprocessing = 0;
		};
		80BCD08B2F2994E200D91F91 /* Resources */ = {
			isa = PBXResourcesBuildPhase;
			buildActionMask = 2147483647;
			files = (
			);
			runOnlyForDeploymentPostprocessing = 0;
		};
		80BCD0952F2994E200D91F91 /* Resources */ = {
			isa = PBXResourcesBuildPhase;
			buildActionMask = 2147483647;
			files = (
			);
			runOnlyForDeploymentPostprocessing = 0;
		};
/* End PBXResourcesBuildPhase section */

/* Begin PBXSourcesBuildPhase section */
		80BCD07C2F2994E100D91F91 /* Sources */ = {
			isa = PBXSourcesBuildPhase;
			buildActionMask = 2147483647;
			files = (
			);
			runOnlyForDeploymentPostprocessing = 0;
		};
		80BCD0892F2994E200D91F91 /* Sources */ = {
			isa = PBXSourcesBuildPhase;
			buildActionMask = 2147483647;
			files = (
			);
			runOnlyForDeploymentPostprocessing = 0;
		};
		80BCD0932F2994E200D91F91 /* Sources */ = {
			isa = PBXSourcesBuildPhase;
			buildActionMask = 2147483647;
			files = (
			);
			runOnlyForDeploymentPostprocessing = 0;
		};
/* End PBXSourcesBuildPhase section */

/* Begin PBXTargetDependency section */
		80BCD08F2F2994E200D91F91 /* PBXTargetDependency */ = {
			isa = PBXTargetDependency;
			target = 80BCD07F2F2994E100D91F91 /* Vizzly */;
			targetProxy = 80BCD08E2F2994E200D91F91 /* PBXContainerItemProxy */;
		};
		80BCD0992F2994E200D91F91 /* PBXTargetDependency */ = {
			isa = PBXTargetDependency;
			target = 80BCD07F2F2994E100D91F91 /* Vizzly */;
			targetProxy = 80BCD0982F2994E200D91F91 /* PBXContainerItemProxy */;
		};
/* End PBXTargetDependency section */

/* Begin XCBuildConfiguration section */
		80BCD09F2F2994E200D91F91 /* Debug */ = {
			isa = XCBuildConfiguration;
			buildSettings = {
				ALWAYS_SEARCH_USER_PATHS = NO;
				ASSETCATALOG_COMPILER_GENERATE_SWIFT_ASSET_SYMBOL_EXTENSIONS = YES;
				CLANG_ANALYZER_NONNULL = YES;
				CLANG_ANALYZER_NUMBER_OBJECT_CONVERSION = YES_AGGRESSIVE;
				CLANG_CXX_LANGUAGE_STANDARD = "gnu++20";
				CLANG_ENABLE_MODULES = YES;
				CLANG_ENABLE_OBJC_ARC = YES;
				CLANG_ENABLE_OBJC_WEAK = YES;
				CLANG_WARN_BLOCK_CAPTURE_AUTORELEASING = YES;
				CLANG_WARN_BOOL_CONVERSION = YES;
				CLANG_WARN_COMMA = YES;
				CLANG_WARN_CONSTANT_CONVERSION = YES;
				CLANG_WARN_DEPRECATED_OBJC_IMPLEMENTATIONS = YES;
				CLANG_WARN_DIRECT_OBJC_ISA_USAGE = YES_ERROR;
				CLANG_WARN_DOCUMENTATION_COMMENTS = YES;
				CLANG_WARN_EMPTY_BODY = YES;
				CLANG_WARN_ENUM_CONVERSION = YES;
				CLANG_WARN_INFINITE_RECURSION = YES;
				CLANG_WARN_INT_CONVERSION = YES;
				CLANG_WARN_NON_LITERAL_NULL_CONVERSION = YES;
				CLANG_WARN_OBJC_IMPLICIT_RETAIN_SELF = YES;
				CLANG_WARN_OBJC_LITERAL_CONVERSION = YES;
				CLANG_WARN_OBJC_ROOT_CLASS = YES_ERROR;
				CLANG_WARN_QUOTED_INCLUDE_IN_FRAMEWORK_HEADER = YES;
				CLANG_WARN_RANGE_LOOP_ANALYSIS = YES;
				CLANG_WARN_STRICT_PROTOTYPES = YES;
				CLANG_WARN_SUSPICIOUS_MOVE = YES;
				CLANG_WARN_UNGUARDED_AVAILABILITY = YES_AGGRESSIVE;
				CLANG_WARN_UNREACHABLE_CODE = YES;
				CLANG_WARN__DUPLICATE_METHOD_MATCH = YES;
				COPY_PHASE_STRIP = NO;
				DEBUG_INFORMATION_FORMAT = dwarf;
				DEVELOPMENT_TEAM = 8KA99UGE8N;
				ENABLE_STRICT_OBJC_MSGSEND = YES;
				ENABLE_TESTABILITY = YES;
				ENABLE_USER_SCRIPT_SANDBOXING = YES;
				GCC_C_LANGUAGE_STANDARD = gnu17;
				GCC_DYNAMIC_NO_PIC = NO;
				GCC_NO_COMMON_BLOCKS = YES;
				GCC_OPTIMIZATION_LEVEL = 0;
				GCC_PREPROCESSOR_DEFINITIONS = (
					"DEBUG=1",
					"$(inherited)",
				);
				GCC_WARN_64_TO_32_BIT_CONVERSION = YES;
				GCC_WARN_ABOUT_RETURN_TYPE = YES_ERROR;
				GCC_WARN_UNDECLARED_SELECTOR = YES;
				GCC_WARN_UNINITIALIZED_AUTOS = YES_AGGRESSIVE;
				GCC_WARN_UNUSED_FUNCTION = YES;
				GCC_WARN_UNUSED_VARIABLE = YES;
				LOCALIZATION_PREFERS_STRING_CATALOGS = YES;
				MACOSX_DEPLOYMENT_TARGET = 15.7;
				MTL_ENABLE_DEBUG_INFO = INCLUDE_SOURCE;
				MTL_FAST_MATH = YES;
				ONLY_ACTIVE_ARCH = YES;
				SDKROOT = macosx;
				SWIFT_ACTIVE_COMPILATION_CONDITIONS = "DEBUG $(inherited)";
				SWIFT_OPTIMIZATION_LEVEL = "-Onone";
			};
			name = Debug;
		};
		80BCD0A02F2994E200D91F91 /* Release */ = {
			isa = XCBuildConfiguration;
			buildSettings = {
				ALWAYS_SEARCH_USER_PATHS = NO;
				ASSETCATALOG_COMPILER_GENERATE_SWIFT_ASSET_SYMBOL_EXTENSIONS = YES;
				CLANG_ANALYZER_NONNULL = YES;
				CLANG_ANALYZER_NUMBER_OBJECT_CONVERSION = YES_AGGRESSIVE;
				CLANG_CXX_LANGUAGE_STANDARD = "gnu++20";
				CLANG_ENABLE_MODULES = YES;
				CLANG_ENABLE_OBJC_ARC = YES;
				CLANG_ENABLE_OBJC_WEAK = YES;
				CLANG_WARN_BLOCK_CAPTURE_AUTORELEASING = YES;
				CLANG_WARN_BOOL_CONVERSION = YES;
				CLANG_WARN_COMMA = YES;
				CLANG_WARN_CONSTANT_CONVERSION = YES;
				CLANG_WARN_DEPRECATED_OBJC_IMPLEMENTATIONS = YES;
				CLANG_WARN_DIRECT_OBJC_ISA_USAGE = YES_ERROR;
				CLANG_WARN_DOCUMENTATION_COMMENTS = YES;
				CLANG_WARN_EMPTY_BODY = YES;
				CLANG_WARN_ENUM_CONVERSION = YES;
				CLANG_WARN_INFINITE_RECURSION = YES;
				CLANG_WARN_INT_CONVERSION = YES;
				CLANG_WARN_NON_LITERAL_NULL_CONVERSION = YES;
				CLANG_WARN_OBJC_IMPLICIT_RETAIN_SELF = YES;
				CLANG_WARN_OBJC_LITERAL_CONVERSION = YES;
				CLANG_WARN_OBJC_ROOT_CLASS = YES_ERROR;
				CLANG_WARN_QUOTED_INCLUDE_IN_FRAMEWORK_HEADER = YES;
				CLANG_WARN_RANGE_LOOP_ANALYSIS = YES;
				CLANG_WARN_STRICT_PROTOTYPES = YES;
				CLANG_WARN_SUSPICIOUS_MOVE = YES;
				CLANG_WARN_UNGUARDED_AVAILABILITY = YES_AGGRESSIVE;
				CLANG_WARN_UNREACHABLE_CODE = YES;
				CLANG_WARN__DUPLICATE_METHOD_MATCH = YES;
				COPY_PHASE_STRIP = NO;
				DEBUG_INFORMATION_FORMAT = "dwarf-with-dsym";
				DEVELOPMENT_TEAM = 8KA99UGE8N;
				ENABLE_NS_ASSERTIONS = NO;
				ENABLE_STRICT_OBJC_MSGSEND = YES;
				ENABLE_USER_SCRIPT_SANDBOXING = YES;
				GCC_C_LANGUAGE_STANDARD = gnu17;
				GCC_NO_COMMON_BLOCKS = YES;
				GCC_WARN_64_TO_32_BIT_CONVERSION = YES;
				GCC_WARN_ABOUT_RETURN_TYPE = YES_ERROR;
				GCC_WARN_UNDECLARED_SELECTOR = YES;
				GCC_WARN_UNINITIALIZED_AUTOS = YES_AGGRESSIVE;
				GCC_WARN_UNUSED_FUNCTION = YES;
				GCC_WARN_UNUSED_VARIABLE = YES;
				LOCALIZATION_PREFERS_STRING_CATALOGS = YES;
				MACOSX_DEPLOYMENT_TARGET = 15.7;
				MTL_ENABLE_DEBUG_INFO = NO;
				MTL_FAST_MATH = YES;
				SDKROOT = macosx;
				SWIFT_COMPILATION_MODE = wholemodule;
			};
			name = Release;
		};
		80BCD0A22F2994E200D91F91 /* Debug */ = {
			isa = XCBuildConfiguration;
			buildSettings = {
				ASSETCATALOG_COMPILER_APPICON_NAME = AppIcon;
				ASSETCATALOG_COMPILER_GLOBAL_ACCENT_COLOR_NAME = AccentColor;
				CODE_SIGN_STYLE = Automatic;
				COMBINE_HIDPI_IMAGES = YES;
				CURRENT_PROJECT_VERSION = 1;
				DEVELOPMENT_TEAM = 8KA99UGE8N;
				ENABLE_APP_SANDBOX = NO;
				ENABLE_HARDENED_RUNTIME = YES;
				ENABLE_PREVIEWS = YES;
				GENERATE_INFOPLIST_FILE = YES;
				INFOPLIST_KEY_LSUIElement = YES;
				INFOPLIST_KEY_NSHumanReadableCopyright = "";
				INFOPLIST_KEY_SUFeedURL = "https://github.com/vizzly-testing/menubar/releases/latest/download/appcast.xml";
				INFOPLIST_KEY_SUPublicEDKey = "UpG9BqC+dujGiVPbWHFVvNu23jlpEqf+EMrv+Dj6cFw=";
				LD_RUNPATH_SEARCH_PATHS = (
					"$(inherited)",
					"@executable_path/../Frameworks",
				);
				MARKETING_VERSION = 0.1.0;
				PRODUCT_BUNDLE_IDENTIFIER = "com.stubborn-mule-software.Vizzly";
				PRODUCT_NAME = "$(TARGET_NAME)";
				REGISTER_APP_GROUPS = YES;
				STRING_CATALOG_GENERATE_SYMBOLS = YES;
				SWIFT_APPROACHABLE_CONCURRENCY = YES;
				SWIFT_DEFAULT_ACTOR_ISOLATION = MainActor;
				SWIFT_EMIT_LOC_STRINGS = YES;
				SWIFT_UPCOMING_FEATURE_MEMBER_IMPORT_VISIBILITY = YES;
				SWIFT_VERSION = 5.0;
			};
			name = Debug;
		};
		80BCD0A32F2994E200D91F91 /* Release */ = {
			isa = XCBuildConfiguration;
			buildSettings = {
				ASSETCATALOG_COMPILER_APPICON_NAME = AppIcon;
				ASSETCATALOG_COMPILER_GLOBAL_ACCENT_COLOR_NAME = AccentColor;
				CODE_SIGN_STYLE = Automatic;
				COMBINE_HIDPI_IMAGES = YES;
				CURRENT_PROJECT_VERSION = 1;
				DEVELOPMENT_TEAM = 8KA99UGE8N;
				ENABLE_APP_SANDBOX = NO;
				ENABLE_HARDENED_RUNTIME = YES;
				ENABLE_PREVIEWS = YES;
				GENERATE_INFOPLIST_FILE = YES;
				INFOPLIST_KEY_LSUIElement = YES;
				INFOPLIST_KEY_NSHumanReadableCopyright = "";
				INFOPLIST_KEY_SUFeedURL = "https://github.com/vizzly-testing/menubar/releases/latest/download/appcast.xml";
				INFOPLIST_KEY_SUPublicEDKey = "UpG9BqC+dujGiVPbWHFVvNu23jlpEqf+EMrv+Dj6cFw=";
				LD_RUNPATH_SEARCH_PATHS = (
					"$(inherited)",
					"@executable_path/../Frameworks",
				);
				MARKETING_VERSION = 0.1.0;
				PRODUCT_BUNDLE_IDENTIFIER = "com.stubborn-mule-software.Vizzly";
				PRODUCT_NAME = "$(TARGET_NAME)";
				REGISTER_APP_GROUPS = YES;
				STRING_CATALOG_GENERATE_SYMBOLS = YES;
				SWIFT_APPROACHABLE_CONCURRENCY = YES;
				SWIFT_DEFAULT_ACTOR_ISOLATION = MainActor;
				SWIFT_EMIT_LOC_STRINGS = YES;
				SWIFT_UPCOMING_FEATURE_MEMBER_IMPORT_VISIBILITY = YES;
				SWIFT_VERSION = 5.0;
			};
			name = Release;
		};
		80BCD0A52F2994E200D91F91 /* Debug */ = {
			isa = XCBuildConfiguration;
			buildSettings = {
				BUNDLE_LOADER = "$(TEST_HOST)";
				CODE_SIGN_STYLE = Automatic;
				CURRENT_PROJECT_VERSION = 1;
				DEVELOPMENT_TEAM = 8KA99UGE8N;
				GENERATE_INFOPLIST_FILE = YES;
				MACOSX_DEPLOYMENT_TARGET = 15.7;
				MARKETING_VERSION = 1.0;
				PRODUCT_BUNDLE_IDENTIFIER = "com.stubborn-mule-software.VizzlyTests";
				PRODUCT_NAME = "$(TARGET_NAME)";
				STRING_CATALOG_GENERATE_SYMBOLS = NO;
				SWIFT_APPROACHABLE_CONCURRENCY = YES;
				SWIFT_EMIT_LOC_STRINGS = NO;
				SWIFT_UPCOMING_FEATURE_MEMBER_IMPORT_VISIBILITY = YES;
				SWIFT_VERSION = 5.0;
				TEST_HOST = "$(BUILT_PRODUCTS_DIR)/Vizzly.app/$(BUNDLE_EXECUTABLE_FOLDER_PATH)/Vizzly";
			};
			name = Debug;
		};
		80BCD0A62F2994E200D91F91 /* Release */ = {
			isa = XCBuildConfiguration;
			buildSettings = {
				BUNDLE_LOADER = "$(TEST_HOST)";
				CODE_SIGN_STYLE = Automatic;
				CURRENT_PROJECT_VERSION = 1;
				DEVELOPMENT_TEAM = 8KA99UGE8N;
				GENERATE_INFOPLIST_FILE = YES;
				MACOSX_DEPLOYMENT_TARGET = 15.7;
				MARKETING_VERSION = 1.0;
				PRODUCT_BUNDLE_IDENTIFIER = "com.stubborn-mule-software.VizzlyTests";
				PRODUCT_NAME = "$(TARGET_NAME)";
				STRING_CATALOG_GENERATE_SYMBOLS = NO;
				SWIFT_APPROACHABLE_CONCURRENCY = YES;
				SWIFT_EMIT_LOC_STRINGS = NO;
				SWIFT_UPCOMING_FEATURE_MEMBER_IMPORT_VISIBILITY = YES;
				SWIFT_VERSION = 5.0;
				TEST_HOST = "$(BUILT_PRODUCTS_DIR)/Vizzly.app/$(BUNDLE_EXECUTABLE_FOLDER_PATH)/Vizzly";
			};
			name = Release;
		};
		80BCD0A82F2994E200D91F91 /* Debug */ = {
			isa = XCBuildConfiguration;
			buildSettings = {
				CODE_SIGN_STYLE = Automatic;
				CURRENT_PROJECT_VERSION = 1;
				DEVELOPMENT_TEAM = 8KA99UGE8N;
				GENERATE_INFOPLIST_FILE = YES;
				MARKETING_VERSION = 1.0;
				PRODUCT_BUNDLE_IDENTIFIER = "com.stubborn-mule-software.VizzlyUITests";
				PRODUCT_NAME = "$(TARGET_NAME)";
				STRING_CATALOG_GENERATE_SYMBOLS = NO;
				SWIFT_APPROACHABLE_CONCURRENCY = YES;
				SWIFT_EMIT_LOC_STRINGS = NO;
				SWIFT_UPCOMING_FEATURE_MEMBER_IMPORT_VISIBILITY = YES;
				SWIFT_VERSION = 5.0;
				TEST_TARGET_NAME = Vizzly;
			};
			name = Debug;
		};
		80BCD0A92F2994E200D91F91 /* Release */ = {
			isa = XCBuildConfiguration;
			buildSettings = {
				CODE_SIGN_STYLE = Automatic;
				CURRENT_PROJECT_VERSION = 1;
				DEVELOPMENT_TEAM = 8KA99UGE8N;
				GENERATE_INFOPLIST_FILE = YES;
				MARKETING_VERSION = 1.0;
				PRODUCT_BUNDLE_IDENTIFIER = "com.stubborn-mule-software.VizzlyUITests";
				PRODUCT_NAME = "$(TARGET_NAME)";
				STRING_CATALOG_GENERATE_SYMBOLS = NO;
				SWIFT_APPROACHABLE_CONCURRENCY = YES;
				SWIFT_EMIT_LOC_STRINGS = NO;
				SWIFT_UPCOMING_FEATURE_MEMBER_IMPORT_VISIBILITY = YES;
				SWIFT_VERSION = 5.0;
				TEST_TARGET_NAME = Vizzly;
			};
			name = Release;
		};
/* End XCBuildConfiguration section */

/* Begin XCConfigurationList section */
		80BCD07B2F2994E100D91F91 /* Build configuration list for PBXProject "Vizzly" */ = {
			isa = XCConfigurationList;
			buildConfigurations = (
				80BCD09F2F2994E200D91F91 /* Debug */,
				80BCD0A02F2994E200D91F91 /* Release */,
			);
			defaultConfigurationIsVisible = 0;
			defaultConfigurationName = Release;
		};
		80BCD0A12F2994E200D91F91 /* Build configuration list for PBXNativeTarget "Vizzly" */ = {
			isa = XCConfigurationList;
			buildConfigurations = (
				80BCD0A22F2994E200D91F91 /* Debug */,
				80BCD0A32F2994E200D91F91 /* Release */,
			);
			defaultConfigurationIsVisible = 0;
			defaultConfigurationName = Release;
		};
		80BCD0A42F2994E200D91F91 /* Build configuration list for PBXNativeTarget "VizzlyTests" */ = {
			isa = XCConfigurationList;
			buildConfigurations = (
				80BCD0A52F2994E200D91F91 /* Debug */,
				80BCD0A62F2994E200D91F91 /* Release */,
			);
			defaultConfigurationIsVisible = 0;
			defaultConfigurationName = Release;
		};
		80BCD0A72F2994E200D91F91 /* Build configuration list for PBXNativeTarget "VizzlyUITests" */ = {
			isa = XCConfigurationList;
			buildConfigurations = (
				80BCD0A82F2994E200D91F91 /* Debug */,
				80BCD0A92F2994E200D91F91 /* Release */,
			);
			defaultConfigurationIsVisible = 0;
			defaultConfigurationName = Release;
		};
/* End XCConfigurationList section */

/* Begin XCRemoteSwiftPackageReference section */
		80BCE4212F3DA45800D91F91 /* XCRemoteSwiftPackageReference "Sparkle" */ = {
			isa = XCRemoteSwiftPackageReference;
			repositoryURL = "https://github.com/sparkle-project/Sparkle";
			requirement = {
				kind = upToNextMajorVersion;
				minimumVersion = 2.8.1;
			};
		};
/* End XCRemoteSwiftPackageReference section */

/* Begin XCSwiftPackageProductDependency section */
		80BCE4222F3DA45800D91F91 /* Sparkle */ = {
			isa = XCSwiftPackageProductDependency;
			package = 80BCE4212F3DA45800D91F91 /* XCRemoteSwiftPackageReference "Sparkle" */;
			productName = Sparkle;
		};
/* End XCSwiftPackageProductDependency section */
	};
	rootObject = 80BCD0782F2994E100D91F91 /* Project object */;
}
